{
    "name": "@six5536/superdev-workspace",
    "lockfileVersion": 3,
    "requires": true,
    "packages": {
        "": {
            "name": "@six5536/superdev-workspace",
            "workspaces": [
                "packages/superdev"
            ],
            "devDependencies": {
                "@types/node": "^26.1.2"
            }
        },
        "node_modules/@types/node": {
            "version": "26.1.2",
            "dev": true,
            "license": "MIT",
            "dependencies": {
                "undici-types": "~8.3.0"
            }
        },
        "node_modules/superdev": {
            "resolved": "packages/superdev",
            "link": true
        },
        "node_modules/undici-types": {
            "version": "8.3.0",
            "dev": true,
            "license": "MIT"
        },
        "packages/superdev": {
            "version": "0.1.0",
            "license": "MIT",
            "bin": {
                "superdev": "bin/superdev.js"
            },
            "engines": {
                "node": ">=18"
            },
            "optionalDependencies": {
                "@six5536/superdev-darwin-arm64": "0.1.0",
                "@six5536/superdev-darwin-x64": "0.1.0",
                "@six5536/superdev-linux-arm64": "0.1.0",
                "@six5536/superdev-linux-x64": "0.1.0",
                "@six5536/superdev-win32-x64": "0.1.0"
            }
        }
    }
}
